[{<<"certifi">>,{pkg,<<"certifi">>,<<"1.0.0">>},1},
 {<<"goldrush">>,
  {git,"https://github.com/basho/goldrush.git",
       {ref,"8f1b715d36b650ec1e1f5612c00e28af6ab0de82"}},
  1},
 {<<"hackney">>,
  {git,"git://github.com/benoitc/hackney",
       {ref,"ea2012f0d4d97c1ec1a50e840168dff5b48ab97d"}},
  0},
 {<<"idna">>,{pkg,<<"idna">>,<<"4.0.0">>},1},
 {<<"jsx">>,
  {git,"https://github.com/talentdeficit/jsx.git",
       {ref,"d4b6d3dc5fd9e759ff7a0c476654ea5124f5bae9"}},
  0},
 {<<"lager">>,
  {git,"git://github.com/erlang-lager/lager",
       {ref,"49df06a255bdbdaed75cdb6a7da4d8f772baffa4"}},
  0},
 {<<"metrics">>,{pkg,<<"metrics">>,<<"1.0.1">>},1},
 {<<"mimerl">>,{pkg,<<"mimerl">>,<<"1.0.2">>},1},
 {<<"ssl_verify_fun">>,{pkg,<<"ssl_verify_fun">>,<<"1.1.1">>},1}].
